
Microsoft Visual Studio Solution File, Format Version 12.00
# Visual Studio Version 16
VisualStudioVersion = 16.0.29503.13
MinimumVisualStudioVersion = 10.0.40219.1
Project("{FAE04EC0-301F-11D3-BF4B-00C04F79EFBC}") = "Chess", "src\Chess.csproj", "{CEA8A701-23E8-4040-8D47-59D6CBFC8861}"
EndProject
Global
	GlobalSection(SolutionConfigurationPlatforms) = preSolution
		Debug|Any CPU = Debug|Any CPU
		Release|Any CPU = Release|Any CPU
	EndGlobalSection
	GlobalSection(ProjectConfigurationPlatforms) = postSolution
		{CEA8A701-23E8-4040-8D47-59D6CBFC8861}.Debug|Any CPU.ActiveCfg = Debug|Any CPU
		{CEA8A701-23E8-4040-8D47-59D6CBFC8861}.Debug|Any CPU.Build.0 = Debug|Any CPU
		{CEA8A701-23E8-4040-8D47-59D6CBFC8861}.Release|Any CPU.ActiveCfg = Release|Any CPU
		{CEA8A701-23E8-4040-8D47-59D6CBFC8861}.Release|Any CPU.Build.0 = Release|Any CPU
	EndGlobalSection
	GlobalSection(SolutionProperties) = preSolution
		HideSolutionNode = FALSE
	EndGlobalSection
	GlobalSection(ExtensibilityGlobals) = postSolution
		SolutionGuid = {F33DCF41-21D4-445B-9E90-29CD7F7264E4}
	EndGlobalSection
EndGlobal
